
Microsoft Visual Studio Solution File, Format Version 12.00
# Visual Studio Version 16
VisualStudioVersion = 16.0.29519.87
MinimumVisualStudioVersion = 10.0.40219.1
Project("{9A19103F-16F7-4668-BE54-9A1E7A4F7556}") = "Basic", "Basic\Basic.csproj", "{26EEE4DA-C182-455D-A414-57D09307C758}"
EndProject
Project("{FAE04EC0-301F-11D3-BF4B-00C04F79EFBC}") = "Basic.Tests", "Basic.Tests\Basic.Tests.csproj", "{A1EAF3DD-6E07-4B57-844D-B420263C98D4}"
EndProject
Global
	GlobalSection(SolutionConfigurationPlatforms) = preSolution
		Debug|Any CPU = Debug|Any CPU
		Release|Any CPU = Release|Any CPU
	EndGlobalSection
	GlobalSection(ProjectConfigurationPlatforms) = postSolution
		{26EEE4DA-C182-455D-A414-57D09307C758}.Debug|Any CPU.ActiveCfg = Debug|Any CPU
		{26EEE4DA-C182-455D-A414-57D09307C758}.Debug|Any CPU.Build.0 = Debug|Any CPU
		{26EEE4DA-C182-455D-A414-57D09307C758}.Release|Any CPU.ActiveCfg = Release|Any CPU
		{26EEE4DA-C182-455D-A414-57D09307C758}.Release|Any CPU.Build.0 = Release|Any CPU
		{A1EAF3DD-6E07-4B57-844D-B420263C98D4}.Debug|Any CPU.ActiveCfg = Debug|Any CPU
		{A1EAF3DD-6E07-4B57-844D-B420263C98D4}.Debug|Any CPU.Build.0 = Debug|Any CPU
		{A1EAF3DD-6E07-4B57-844D-B420263C98D4}.Release|Any CPU.ActiveCfg = Release|Any CPU
		{A1EAF3DD-6E07-4B57-844D-B420263C98D4}.Release|Any CPU.Build.0 = Release|Any CPU
	EndGlobalSection
	GlobalSection(SolutionProperties) = preSolution
		HideSolutionNode = FALSE
	EndGlobalSection
	GlobalSection(ExtensibilityGlobals) = postSolution
		SolutionGuid = {E0C814F9-5F56-46A9-A652-6625B676B77B}
	EndGlobalSection
EndGlobal
